
Microsoft Visual Studio Solution File, Format Version 12.00
# Visual Studio Version 16
VisualStudioVersion = 16.0.29102.190
MinimumVisualStudioVersion = 10.0.40219.1
Project("{9A19103F-16F7-4668-BE54-9A1E7A4F7556}") = "ToHexPerformance", "ToHexPerformance\ToHexPerformance.csproj", "{C47B790B-9659-401A-99F4-E3A8ADC396FC}"
EndProject
Project("{FAE04EC0-301F-11D3-BF4B-00C04F79EFBC}") = "ToHexPerformanceTests", "ToHexPerformanceTests\ToHexPerformanceTests.csproj", "{486C2A4B-A226-421F-8D07-DF9F3412F033}"
EndProject
Global
	GlobalSection(SolutionConfigurationPlatforms) = preSolution
		Debug|Any CPU = Debug|Any CPU
		Release|Any CPU = Release|Any CPU
	EndGlobalSection
	GlobalSection(ProjectConfigurationPlatforms) = postSolution
		{C47B790B-9659-401A-99F4-E3A8ADC396FC}.Debug|Any CPU.ActiveCfg = Debug|Any CPU
		{C47B790B-9659-401A-99F4-E3A8ADC396FC}.Debug|Any CPU.Build.0 = Debug|Any CPU
		{C47B790B-9659-401A-99F4-E3A8ADC396FC}.Release|Any CPU.ActiveCfg = Release|Any CPU
		{C47B790B-9659-401A-99F4-E3A8ADC396FC}.Release|Any CPU.Build.0 = Release|Any CPU
		{486C2A4B-A226-421F-8D07-DF9F3412F033}.Debug|Any CPU.ActiveCfg = Debug|Any CPU
		{486C2A4B-A226-421F-8D07-DF9F3412F033}.Debug|Any CPU.Build.0 = Debug|Any CPU
		{486C2A4B-A226-421F-8D07-DF9F3412F033}.Release|Any CPU.ActiveCfg = Release|Any CPU
		{486C2A4B-A226-421F-8D07-DF9F3412F033}.Release|Any CPU.Build.0 = Release|Any CPU
	EndGlobalSection
	GlobalSection(SolutionProperties) = preSolution
		HideSolutionNode = FALSE
	EndGlobalSection
	GlobalSection(ExtensibilityGlobals) = postSolution
		SolutionGuid = {4DF56E87-0DE8-410C-83F6-9EE8146F95EC}
	EndGlobalSection
EndGlobal
